
Microsoft Visual Studio Solution File, Format Version 12.00
# Visual Studio Version 17
VisualStudioVersion = 17.8.34309.116
MinimumVisualStudioVersion = 10.0.40219.1
Project("{FAE04EC0-301F-11D3-BF4B-00C04F79EFBC}") = "CoreIdentityAuthAndAthorize", "CoreIdentityAuthAndAthorize\CoreIdentityAuthAndAthorize.csproj", "{A34B658E-539D-476E-B41F-F353F3FBF4F6}"
EndProject
Global
	GlobalSection(SolutionConfigurationPlatforms) = preSolution
		Debug|Any CPU = Debug|Any CPU
		Release|Any CPU = Release|Any CPU
	EndGlobalSection
	GlobalSection(ProjectConfigurationPlatforms) = postSolution
		{A34B658E-539D-476E-B41F-F353F3FBF4F6}.Debug|Any CPU.ActiveCfg = Debug|Any CPU
		{A34B658E-539D-476E-B41F-F353F3FBF4F6}.Debug|Any CPU.Build.0 = Debug|Any CPU
		{A34B658E-539D-476E-B41F-F353F3FBF4F6}.Release|Any CPU.ActiveCfg = Release|Any CPU
		{A34B658E-539D-476E-B41F-F353F3FBF4F6}.Release|Any CPU.Build.0 = Release|Any CPU
	EndGlobalSection
	GlobalSection(SolutionProperties) = preSolution
		HideSolutionNode = FALSE
	EndGlobalSection
	GlobalSection(ExtensibilityGlobals) = postSolution
		SolutionGuid = {49702BD0-B8AD-4F6F-8EA2-4672C869917F}
	EndGlobalSection
EndGlobal
